PODS:
  - SDWebImage (5.0.6):
    - SDWebImage/Core (= 5.0.6)
  - SDWebImage/Core (5.0.6)
  - Solar (2.1.0)
  - SwiftLint (0.33.0)

DEPENDENCIES:
  - SDWebImage
  - Solar
  - SwiftLint

SPEC REPOS:
  https://github.com/cocoapods/specs.git:
    - SDWebImage
    - Solar
    - SwiftLint

SPEC CHECKSUMS:
  SDWebImage: 920f1a2ff1ca8296ad34f6e0510a1ef1d70ac965
  Solar: 2dc6e7cc39186cb0c8228fa08df76fb50c7d8f24
  SwiftLint: fed9c66336e41fc74dc48a73678380718f0c8b0e

PODFILE CHECKSUM: 279e9d247a406266db11484dd353925ff4664f20

COCOAPODS: 1.7.1
