// !$*UTF8*$!
{
	archiveVersion = 1;
	classes = {
	};
	objectVersion = 51;
	objects = {

/* Begin PBXBuildFile section */
		45469035A929FAA5FC39BC60 /* Pods_EndZoneTests.framework in Frameworks */ = {isa = PBXBuildFile; fileRef = 4ACD6B0D53EED55FED0A4278 /* Pods_EndZoneTests.framework */; };
		6B46445322C63126007A46DE /* AppDelegate.swift in Sources */ = {isa = PBXBuildFile; fileRef = 6B46445222C63126007A46DE /* AppDelegate.swift */; };
		6B46445522C63126007A46DE /* SceneDelegate.swift in Sources */ = {isa = PBXBuildFile; fileRef = 6B46445422C63126007A46DE /* SceneDelegate.swift */; };
		6B46445722C63126007A46DE /* ZoneListView.swift in Sources */ = {isa = PBXBuildFile; fileRef = 6B46445622C63126007A46DE /* ZoneListView.swift */; };
		6B46445922C63127007A46DE /* Assets.xcassets in Resources */ = {isa = PBXBuildFile; fileRef = 6B46445822C63127007A46DE /* Assets.xcassets */; };
		6B46445C22C63127007A46DE /* Preview Assets.xcassets in Resources */ = {isa = PBXBuildFile; fileRef = 6B46445B22C63127007A46DE /* Preview Assets.xcassets */; };
		6B46445F22C63127007A46DE /* LaunchScreen.storyboard in Resources */ = {isa = PBXBuildFile; fileRef = 6B46445D22C63127007A46DE /* LaunchScreen.storyboard */; };
		6B46446A22C63127007A46DE /* EndZoneTests.swift in Sources */ = {isa = PBXBuildFile; fileRef = 6B46446922C63127007A46DE /* EndZoneTests.swift */; };
		6B46447522C6654A007A46DE /* SearchView.swift in Sources */ = {isa = PBXBuildFile; fileRef = 6B46447422C6654A007A46DE /* SearchView.swift */; };
		6BA44E9D22D3B27B00A6853D /* SearchPlacesService.swift in Sources */ = {isa = PBXBuildFile; fileRef = 6BA44E9C22D3B27B00A6853D /* SearchPlacesService.swift */; };
		6BC5ADDD22CF891300D36909 /* ImageAPI.swift in Sources */ = {isa = PBXBuildFile; fileRef = 6BC5ADDC22CF891300D36909 /* ImageAPI.swift */; };
		6BC5ADDF22CFA39F00D36909 /* ImageLoader.swift in Sources */ = {isa = PBXBuildFile; fileRef = 6BC5ADDE22CFA39F00D36909 /* ImageLoader.swift */; };
		6BC8133922CCF275004EC37B /* SearchViewModel.swift in Sources */ = {isa = PBXBuildFile; fileRef = 6BC8133822CCF275004EC37B /* SearchViewModel.swift */; };
		6BC8133B22CCF33C004EC37B /* ZoneListViewModel.swift in Sources */ = {isa = PBXBuildFile; fileRef = 6BC8133A22CCF33C004EC37B /* ZoneListViewModel.swift */; };
		6BC8133F22CCF56A004EC37B /* Place.swift in Sources */ = {isa = PBXBuildFile; fileRef = 6BC8133E22CCF56A004EC37B /* Place.swift */; };
		6BC8134222CCF60C004EC37B /* Formater.swift in Sources */ = {isa = PBXBuildFile; fileRef = 6BC8134122CCF60C004EC37B /* Formater.swift */; };
		6BC8134422CCF858004EC37B /* SearchPlaces.swift in Sources */ = {isa = PBXBuildFile; fileRef = 6BC8134322CCF858004EC37B /* SearchPlaces.swift */; };
		6BC8134722CD0F45004EC37B /* CompositionRoot.swift in Sources */ = {isa = PBXBuildFile; fileRef = 6BC8134622CD0F45004EC37B /* CompositionRoot.swift */; };
		AF2D552DDCFD5DF411B49D7E /* Pods_EndZone.framework in Frameworks */ = {isa = PBXBuildFile; fileRef = 8BDEB5F4C563D65036A2B61B /* Pods_EndZone.framework */; };
/* End PBXBuildFile section */

/* Begin PBXContainerItemProxy section */
		6B46446622C63127007A46DE /* PBXContainerItemProxy */ = {
			isa = PBXContainerItemProxy;
			containerPortal = 6B46444722C63125007A46DE /* Project object */;
			proxyType = 1;
			remoteGlobalIDString = 6B46444E22C63126007A46DE;
			remoteInfo = EndZone;
		};
/* End PBXContainerItemProxy section */

/* Begin PBXFileReference section */
		23B4B9FFC4456E559327D6E5 /* Pods-EndZone.release.xcconfig */ = {isa = PBXFileReference; includeInIndex = 1; lastKnownFileType = text.xcconfig; name = "Pods-EndZone.release.xcconfig"; path = "Target Support Files/Pods-EndZone/Pods-EndZone.release.xcconfig"; sourceTree = "<group>"; };
		2E3B3297241FB4B09317FE81 /* Pods-EndZoneTests.release.xcconfig */ = {isa = PBXFileReference; includeInIndex = 1; lastKnownFileType = text.xcconfig; name = "Pods-EndZoneTests.release.xcconfig"; path = "Target Support Files/Pods-EndZoneTests/Pods-EndZoneTests.release.xcconfig"; sourceTree = "<group>"; };
		4ACD6B0D53EED55FED0A4278 /* Pods_EndZoneTests.framework */ = {isa = PBXFileReference; explicitFileType = wrapper.framework; includeInIndex = 0; path = Pods_EndZoneTests.framework; sourceTree = BUILT_PRODUCTS_DIR; };
		6B46444F22C63126007A46DE /* EndZone.app */ = {isa = PBXFileReference; explicitFileType = wrapper.application; includeInIndex = 0; path = EndZone.app; sourceTree = BUILT_PRODUCTS_DIR; };
		6B46445222C63126007A46DE /* AppDelegate.swift */ = {isa = PBXFileReference; lastKnownFileType = sourcecode.swift; path = AppDelegate.swift; sourceTree = "<group>"; };
		6B46445422C63126007A46DE /* SceneDelegate.swift */ = {isa = PBXFileReference; lastKnownFileType = sourcecode.swift; path = SceneDelegate.swift; sourceTree = "<group>"; };
		6B46445622C63126007A46DE /* ZoneListView.swift */ = {isa = PBXFileReference; lastKnownFileType = sourcecode.swift; path = ZoneListView.swift; sourceTree = "<group>"; };
		6B46445822C63127007A46DE /* Assets.xcassets */ = {isa = PBXFileReference; lastKnownFileType = folder.assetcatalog; path = Assets.xcassets; sourceTree = "<group>"; };
		6B46445B22C63127007A46DE /* Preview Assets.xcassets */ = {isa = PBXFileReference; lastKnownFileType = folder.assetcatalog; path = "Preview Assets.xcassets"; sourceTree = "<group>"; };
		6B46445E22C63127007A46DE /* Base */ = {isa = PBXFileReference; lastKnownFileType = file.storyboard; name = Base; path = Base.lproj/LaunchScreen.storyboard; sourceTree = "<group>"; };
		6B46446022C63127007A46DE /* Info.plist */ = {isa = PBXFileReference; lastKnownFileType = text.plist.xml; path = Info.plist; sourceTree = "<group>"; };
		6B46446522C63127007A46DE /* EndZoneTests.xctest */ = {isa = PBXFileReference; explicitFileType = wrapper.cfbundle; includeInIndex = 0; path = EndZoneTests.xctest; sourceTree = BUILT_PRODUCTS_DIR; };
		6B46446922C63127007A46DE /* EndZoneTests.swift */ = {isa = PBXFileReference; lastKnownFileType = sourcecode.swift; path = EndZoneTests.swift; sourceTree = "<group>"; };
		6B46446B22C63127007A46DE /* Info.plist */ = {isa = PBXFileReference; lastKnownFileType = text.plist.xml; path = Info.plist; sourceTree = "<group>"; };
		6B46447422C6654A007A46DE /* SearchView.swift */ = {isa = PBXFileReference; lastKnownFileType = sourcecode.swift; path = SearchView.swift; sourceTree = "<group>"; };
		6BA44E9C22D3B27B00A6853D /* SearchPlacesService.swift */ = {isa = PBXFileReference; lastKnownFileType = sourcecode.swift; path = SearchPlacesService.swift; sourceTree = "<group>"; };
		6BC5ADDC22CF891300D36909 /* ImageAPI.swift */ = {isa = PBXFileReference; lastKnownFileType = sourcecode.swift; path = ImageAPI.swift; sourceTree = "<group>"; };
		6BC5ADDE22CFA39F00D36909 /* ImageLoader.swift */ = {isa = PBXFileReference; lastKnownFileType = sourcecode.swift; path = ImageLoader.swift; sourceTree = "<group>"; };
		6BC8133822CCF275004EC37B /* SearchViewModel.swift */ = {isa = PBXFileReference; lastKnownFileType = sourcecode.swift; path = SearchViewModel.swift; sourceTree = "<group>"; };
		6BC8133A22CCF33C004EC37B /* ZoneListViewModel.swift */ = {isa = PBXFileReference; lastKnownFileType = sourcecode.swift; path = ZoneListViewModel.swift; sourceTree = "<group>"; };
		6BC8133E22CCF56A004EC37B /* Place.swift */ = {isa = PBXFileReference; lastKnownFileType = sourcecode.swift; path = Place.swift; sourceTree = "<group>"; };
		6BC8134122CCF60C004EC37B /* Formater.swift */ = {isa = PBXFileReference; lastKnownFileType = sourcecode.swift; path = Formater.swift; sourceTree = "<group>"; };
		6BC8134322CCF858004EC37B /* SearchPlaces.swift */ = {isa = PBXFileReference; lastKnownFileType = sourcecode.swift; path = SearchPlaces.swift; sourceTree = "<group>"; };
		6BC8134622CD0F45004EC37B /* CompositionRoot.swift */ = {isa = PBXFileReference; lastKnownFileType = sourcecode.swift; path = CompositionRoot.swift; sourceTree = "<group>"; };
		7D939CCC0A9B1B06A0AFA0D2 /* Pods-EndZone.debug.xcconfig */ = {isa = PBXFileReference; includeInIndex = 1; lastKnownFileType = text.xcconfig; name = "Pods-EndZone.debug.xcconfig"; path = "Target Support Files/Pods-EndZone/Pods-EndZone.debug.xcconfig"; sourceTree = "<group>"; };
		8BDEB5F4C563D65036A2B61B /* Pods_EndZone.framework */ = {isa = PBXFileReference; explicitFileType = wrapper.framework; includeInIndex = 0; path = Pods_EndZone.framework; sourceTree = BUILT_PRODUCTS_DIR; };
		FECF1F41DCE56A085910ADA9 /* Pods-EndZoneTests.debug.xcconfig */ = {isa = PBXFileReference; includeInIndex = 1; lastKnownFileType = text.xcconfig; name = "Pods-EndZoneTests.debug.xcconfig"; path = "Target Support Files/Pods-EndZoneTests/Pods-EndZoneTests.debug.xcconfig"; sourceTree = "<group>"; };
/* End PBXFileReference section */

/* Begin PBXFrameworksBuildPhase section */
		6B46444C22C63126007A46DE /* Frameworks */ = {
			isa = PBXFrameworksBuildPhase;
			buildActionMask = 2147483647;
			files = (
				AF2D552DDCFD5DF411B49D7E /* Pods_EndZone.framework in Frameworks */,
			);
			runOnlyForDeploymentPostprocessing = 0;
		};
		6B46446222C63127007A46DE /* Frameworks */ = {
			isa = PBXFrameworksBuildPhase;
			buildActionMask = 2147483647;
			files = (
				45469035A929FAA5FC39BC60 /* Pods_EndZoneTests.framework in Frameworks */,
			);
			runOnlyForDeploymentPostprocessing = 0;
		};
/* End PBXFrameworksBuildPhase section */

/* Begin PBXGroup section */
		0463F5F9D0E23F161BDBED52 /* Pods */ = {
			isa = PBXGroup;
			children = (
				7D939CCC0A9B1B06A0AFA0D2 /* Pods-EndZone.debug.xcconfig */,
				23B4B9FFC4456E559327D6E5 /* Pods-EndZone.release.xcconfig */,
				FECF1F41DCE56A085910ADA9 /* Pods-EndZoneTests.debug.xcconfig */,
				2E3B3297241FB4B09317FE81 /* Pods-EndZoneTests.release.xcconfig */,
			);
			path = Pods;
			sourceTree = "<group>";
		};
		6B46444622C63125007A46DE = {
			isa = PBXGroup;
			children = (
				6B46445122C63126007A46DE /* EndZone */,
				6B46446822C63127007A46DE /* EndZoneTests */,
				A0808555CCF295978BF5984F /* Frameworks */,
				0463F5F9D0E23F161BDBED52 /* Pods */,
				6B46445022C63126007A46DE /* Products */,
			);
			sourceTree = "<group>";
		};
		6B46445022C63126007A46DE /* Products */ = {
			isa = PBXGroup;
			children = (
				6B46444F22C63126007A46DE /* EndZone.app */,
				6B46446522C63127007A46DE /* EndZoneTests.xctest */,
			);
			name = Products;
			sourceTree = "<group>";
		};
		6B46445122C63126007A46DE /* EndZone */ = {
			isa = PBXGroup;
			children = (
				6BC5ADDB22CF878A00D36909 /* API */,
				6BC8134522CD0F34004EC37B /* DI */,
				6B46445A22C63127007A46DE /* Preview Content */,
				6BC8133C22CCF4A0004EC37B /* UI */,
				6BC8133D22CCF4CE004EC37B /* UseCase */,
				6B46445222C63126007A46DE /* AppDelegate.swift */,
				6B46445822C63127007A46DE /* Assets.xcassets */,
				6B46446022C63127007A46DE /* Info.plist */,
				6B46445D22C63127007A46DE /* LaunchScreen.storyboard */,
				6B46445422C63126007A46DE /* SceneDelegate.swift */,
			);
			path = EndZone;
			sourceTree = "<group>";
		};
		6B46445A22C63127007A46DE /* Preview Content */ = {
			isa = PBXGroup;
			children = (
				6B46445B22C63127007A46DE /* Preview Assets.xcassets */,
			);
			path = "Preview Content";
			sourceTree = "<group>";
		};
		6B46446822C63127007A46DE /* EndZoneTests */ = {
			isa = PBXGroup;
			children = (
				6B46446922C63127007A46DE /* EndZoneTests.swift */,
				6B46446B22C63127007A46DE /* Info.plist */,
			);
			path = EndZoneTests;
			sourceTree = "<group>";
		};
		6BC5ADDB22CF878A00D36909 /* API */ = {
			isa = PBXGroup;
			children = (
				6BC5ADDC22CF891300D36909 /* ImageAPI.swift */,
				6BA44E9C22D3B27B00A6853D /* SearchPlacesService.swift */,
			);
			path = API;
			sourceTree = "<group>";
		};
		6BC8133622CCF223004EC37B /* ZoneList */ = {
			isa = PBXGroup;
			children = (
				6B46445622C63126007A46DE /* ZoneListView.swift */,
				6BC8133A22CCF33C004EC37B /* ZoneListViewModel.swift */,
			);
			path = ZoneList;
			sourceTree = "<group>";
		};
		6BC8133722CCF251004EC37B /* SearchPlace */ = {
			isa = PBXGroup;
			children = (
				6B46447422C6654A007A46DE /* SearchView.swift */,
				6BC8133822CCF275004EC37B /* SearchViewModel.swift */,
			);
			path = SearchPlace;
			sourceTree = "<group>";
		};
		6BC8133C22CCF4A0004EC37B /* UI */ = {
			isa = PBXGroup;
			children = (
				6BC8133722CCF251004EC37B /* SearchPlace */,
				6BC8134022CCF5F6004EC37B /* Utils */,
				6BC8133622CCF223004EC37B /* ZoneList */,
			);
			path = UI;
			sourceTree = "<group>";
		};
		6BC8133D22CCF4CE004EC37B /* UseCase */ = {
			isa = PBXGroup;
			children = (
				6BC8133E22CCF56A004EC37B /* Place.swift */,
				6BC8134322CCF858004EC37B /* SearchPlaces.swift */,
			);
			path = UseCase;
			sourceTree = "<group>";
		};
		6BC8134022CCF5F6004EC37B /* Utils */ = {
			isa = PBXGroup;
			children = (
				6BC8134122CCF60C004EC37B /* Formater.swift */,
				6BC5ADDE22CFA39F00D36909 /* ImageLoader.swift */,
			);
			path = Utils;
			sourceTree = "<group>";
		};
		6BC8134522CD0F34004EC37B /* DI */ = {
			isa = PBXGroup;
			children = (
				6BC8134622CD0F45004EC37B /* CompositionRoot.swift */,
			);
			path = DI;
			sourceTree = "<group>";
		};
		A0808555CCF295978BF5984F /* Frameworks */ = {
			isa = PBXGroup;
			children = (
				8BDEB5F4C563D65036A2B61B /* Pods_EndZone.framework */,
				4ACD6B0D53EED55FED0A4278 /* Pods_EndZoneTests.framework */,
			);
			name = Frameworks;
			sourceTree = "<group>";
		};
/* End PBXGroup section */

/* Begin PBXNativeTarget section */
		6B46444E22C63126007A46DE /* EndZone */ = {
			isa = PBXNativeTarget;
			buildConfigurationList = 6B46446E22C63127007A46DE /* Build configuration list for PBXNativeTarget "EndZone" */;
			buildPhases = (
				1EBA7E7F8323037DAA7C9FA7 /* [CP] Check Pods Manifest.lock */,
				6BC5ADE022D3854500D36909 /* Run Script swiftlint */,
				6B46444B22C63126007A46DE /* Sources */,
				6B46444C22C63126007A46DE /* Frameworks */,
				6B46444D22C63126007A46DE /* Resources */,
				62BDE44450047FA7855ED1F9 /* [CP] Embed Pods Frameworks */,
			);
			buildRules = (
			);
			dependencies = (
			);
			name = EndZone;
			productName = EndZone;
			productReference = 6B46444F22C63126007A46DE /* EndZone.app */;
			productType = "com.apple.product-type.application";
		};
		6B46446422C63127007A46DE /* EndZoneTests */ = {
			isa = PBXNativeTarget;
			buildConfigurationList = 6B46447122C63127007A46DE /* Build configuration list for PBXNativeTarget "EndZoneTests" */;
			buildPhases = (
				355A5BBD6BD68C988276EC22 /* [CP] Check Pods Manifest.lock */,
				6B46446122C63127007A46DE /* Sources */,
				6B46446222C63127007A46DE /* Frameworks */,
				6B46446322C63127007A46DE /* Resources */,
			);
			buildRules = (
			);
			dependencies = (
				6B46446722C63127007A46DE /* PBXTargetDependency */,
			);
			name = EndZoneTests;
			productName = EndZoneTests;
			productReference = 6B46446522C63127007A46DE /* EndZoneTests.xctest */;
			productType = "com.apple.product-type.bundle.unit-test";
		};
/* End PBXNativeTarget section */

/* Begin PBXProject section */
		6B46444722C63125007A46DE /* Project object */ = {
			isa = PBXProject;
			attributes = {
				LastSwiftUpdateCheck = 1100;
				LastUpgradeCheck = 1100;
				ORGANIZATIONNAME = Karumi;
				TargetAttributes = {
					6B46444E22C63126007A46DE = {
						CreatedOnToolsVersion = 11.0;
					};
					6B46446422C63127007A46DE = {
						CreatedOnToolsVersion = 11.0;
						TestTargetID = 6B46444E22C63126007A46DE;
					};
				};
			};
			buildConfigurationList = 6B46444A22C63125007A46DE /* Build configuration list for PBXProject "EndZone" */;
			compatibilityVersion = "Xcode 9.3";
			developmentRegion = en;
			hasScannedForEncodings = 0;
			knownRegions = (
				en,
				Base,
			);
			mainGroup = 6B46444622C63125007A46DE;
			productRefGroup = 6B46445022C63126007A46DE /* Products */;
			projectDirPath = "";
			projectRoot = "";
			targets = (
				6B46444E22C63126007A46DE /* EndZone */,
				6B46446422C63127007A46DE /* EndZoneTests */,
			);
		};
/* End PBXProject section */

/* Begin PBXResourcesBuildPhase section */
		6B46444D22C63126007A46DE /* Resources */ = {
			isa = PBXResourcesBuildPhase;
			buildActionMask = 2147483647;
			files = (
				6B46445F22C63127007A46DE /* LaunchScreen.storyboard in Resources */,
				6B46445C22C63127007A46DE /* Preview Assets.xcassets in Resources */,
				6B46445922C63127007A46DE /* Assets.xcassets in Resources */,
			);
			runOnlyForDeploymentPostprocessing = 0;
		};
		6B46446322C63127007A46DE /* Resources */ = {
			isa = PBXResourcesBuildPhase;
			buildActionMask = 2147483647;
			files = (
			);
			runOnlyForDeploymentPostprocessing = 0;
		};
/* End PBXResourcesBuildPhase section */

/* Begin PBXShellScriptBuildPhase section */
		1EBA7E7F8323037DAA7C9FA7 /* [CP] Check Pods Manifest.lock */ = {
			isa = PBXShellScriptBuildPhase;
			buildActionMask = 2147483647;
			files = (
			);
			inputFileListPaths = (
			);
			inputPaths = (
				"${PODS_PODFILE_DIR_PATH}/Podfile.lock",
				"${PODS_ROOT}/Manifest.lock",
			);
			name = "[CP] Check Pods Manifest.lock";
			outputFileListPaths = (
			);
			outputPaths = (
				"$(DERIVED_FILE_DIR)/Pods-EndZone-checkManifestLockResult.txt",
			);
			runOnlyForDeploymentPostprocessing = 0;
			shellPath = /bin/sh;
			shellScript = "diff \"${PODS_PODFILE_DIR_PATH}/Podfile.lock\" \"${PODS_ROOT}/Manifest.lock\" > /dev/null\nif [ $? != 0 ] ; then\n    # print error to STDERR\n    echo \"error: The sandbox is not in sync with the Podfile.lock. Run 'pod install' or update your CocoaPods installation.\" >&2\n    exit 1\nfi\n# This output is used by Xcode 'outputs' to avoid re-running this script phase.\necho \"SUCCESS\" > \"${SCRIPT_OUTPUT_FILE_0}\"\n";
			showEnvVarsInLog = 0;
		};
		355A5BBD6BD68C988276EC22 /* [CP] Check Pods Manifest.lock */ = {
			isa = PBXShellScriptBuildPhase;
			buildActionMask = 2147483647;
			files = (
			);
			inputFileListPaths = (
			);
			inputPaths = (
				"${PODS_PODFILE_DIR_PATH}/Podfile.lock",
				"${PODS_ROOT}/Manifest.lock",
			);
			name = "[CP] Check Pods Manifest.lock";
			outputFileListPaths = (
			);
			outputPaths = (
				"$(DERIVED_FILE_DIR)/Pods-EndZoneTests-checkManifestLockResult.txt",
			);
			runOnlyForDeploymentPostprocessing = 0;
			shellPath = /bin/sh;
			shellScript = "diff \"${PODS_PODFILE_DIR_PATH}/Podfile.lock\" \"${PODS_ROOT}/Manifest.lock\" > /dev/null\nif [ $? != 0 ] ; then\n    # print error to STDERR\n    echo \"error: The sandbox is not in sync with the Podfile.lock. Run 'pod install' or update your CocoaPods installation.\" >&2\n    exit 1\nfi\n# This output is used by Xcode 'outputs' to avoid re-running this script phase.\necho \"SUCCESS\" > \"${SCRIPT_OUTPUT_FILE_0}\"\n";
			showEnvVarsInLog = 0;
		};
		62BDE44450047FA7855ED1F9 /* [CP] Embed Pods Frameworks */ = {
			isa = PBXShellScriptBuildPhase;
			buildActionMask = 2147483647;
			files = (
			);
			inputFileListPaths = (
				"${PODS_ROOT}/Target Support Files/Pods-EndZone/Pods-EndZone-frameworks-${CONFIGURATION}-input-files.xcfilelist",
			);
			name = "[CP] Embed Pods Frameworks";
			outputFileListPaths = (
				"${PODS_ROOT}/Target Support Files/Pods-EndZone/Pods-EndZone-frameworks-${CONFIGURATION}-output-files.xcfilelist",
			);
			runOnlyForDeploymentPostprocessing = 0;
			shellPath = /bin/sh;
			shellScript = "\"${PODS_ROOT}/Target Support Files/Pods-EndZone/Pods-EndZone-frameworks.sh\"\n";
			showEnvVarsInLog = 0;
		};
		6BC5ADE022D3854500D36909 /* Run Script swiftlint */ = {
			isa = PBXShellScriptBuildPhase;
			buildActionMask = 2147483647;
			files = (
			);
			inputFileListPaths = (
			);
			inputPaths = (
			);
			name = "Run Script swiftlint";
			outputFileListPaths = (
			);
			outputPaths = (
			);
			runOnlyForDeploymentPostprocessing = 0;
			shellPath = /bin/sh;
			shellScript = "\"${PODS_ROOT}/SwiftLint/swiftlint\"\n";
		};
/* End PBXShellScriptBuildPhase section */

/* Begin PBXSourcesBuildPhase section */
		6B46444B22C63126007A46DE /* Sources */ = {
			isa = PBXSourcesBuildPhase;
			buildActionMask = 2147483647;
			files = (
				6B46447522C6654A007A46DE /* SearchView.swift in Sources */,
				6BC8134222CCF60C004EC37B /* Formater.swift in Sources */,
				6BC5ADDF22CFA39F00D36909 /* ImageLoader.swift in Sources */,
				6BC5ADDD22CF891300D36909 /* ImageAPI.swift in Sources */,
				6BC8134722CD0F45004EC37B /* CompositionRoot.swift in Sources */,
				6BC8134422CCF858004EC37B /* SearchPlaces.swift in Sources */,
				6BC8133922CCF275004EC37B /* SearchViewModel.swift in Sources */,
				6B46445322C63126007A46DE /* AppDelegate.swift in Sources */,
				6B46445522C63126007A46DE /* SceneDelegate.swift in Sources */,
				6BA44E9D22D3B27B00A6853D /* SearchPlacesService.swift in Sources */,
				6BC8133B22CCF33C004EC37B /* ZoneListViewModel.swift in Sources */,
				6BC8133F22CCF56A004EC37B /* Place.swift in Sources */,
				6B46445722C63126007A46DE /* ZoneListView.swift in Sources */,
			);
			runOnlyForDeploymentPostprocessing = 0;
		};
		6B46446122C63127007A46DE /* Sources */ = {
			isa = PBXSourcesBuildPhase;
			buildActionMask = 2147483647;
			files = (
				6B46446A22C63127007A46DE /* EndZoneTests.swift in Sources */,
			);
			runOnlyForDeploymentPostprocessing = 0;
		};
/* End PBXSourcesBuildPhase section */

/* Begin PBXTargetDependency section */
		6B46446722C63127007A46DE /* PBXTargetDependency */ = {
			isa = PBXTargetDependency;
			target = 6B46444E22C63126007A46DE /* EndZone */;
			targetProxy = 6B46446622C63127007A46DE /* PBXContainerItemProxy */;
		};
/* End PBXTargetDependency section */

/* Begin PBXVariantGroup section */
		6B46445D22C63127007A46DE /* LaunchScreen.storyboard */ = {
			isa = PBXVariantGroup;
			children = (
				6B46445E22C63127007A46DE /* Base */,
			);
			name = LaunchScreen.storyboard;
			path = .;
			sourceTree = "<group>";
		};
/* End PBXVariantGroup section */

/* Begin XCBuildConfiguration section */
		6B46446C22C63127007A46DE /* Debug */ = {
			isa = XCBuildConfiguration;
			buildSettings = {
				ALWAYS_SEARCH_USER_PATHS = NO;
				CLANG_ANALYZER_NONNULL = YES;
				CLANG_ANALYZER_NUMBER_OBJECT_CONVERSION = YES_AGGRESSIVE;
				CLANG_CXX_LANGUAGE_STANDARD = "gnu++14";
				CLANG_CXX_LIBRARY = "libc++";
				CLANG_ENABLE_MODULES = YES;
				CLANG_ENABLE_OBJC_ARC = YES;
				CLANG_ENABLE_OBJC_WEAK = YES;
				CLANG_WARN_BLOCK_CAPTURE_AUTORELEASING = YES;
				CLANG_WARN_BOOL_CONVERSION = YES;
				CLANG_WARN_COMMA = YES;
				CLANG_WARN_CONSTANT_CONVERSION = YES;
				CLANG_WARN_DEPRECATED_OBJC_IMPLEMENTATIONS = YES;
				CLANG_WARN_DIRECT_OBJC_ISA_USAGE = YES_ERROR;
				CLANG_WARN_DOCUMENTATION_COMMENTS = YES;
				CLANG_WARN_EMPTY_BODY = YES;
				CLANG_WARN_ENUM_CONVERSION = YES;
				CLANG_WARN_INFINITE_RECURSION = YES;
				CLANG_WARN_INT_CONVERSION = YES;
				CLANG_WARN_NON_LITERAL_NULL_CONVERSION = YES;
				CLANG_WARN_OBJC_IMPLICIT_RETAIN_SELF = YES;
				CLANG_WARN_OBJC_LITERAL_CONVERSION = YES;
				CLANG_WARN_OBJC_ROOT_CLASS = YES_ERROR;
				CLANG_WARN_RANGE_LOOP_ANALYSIS = YES;
				CLANG_WARN_STRICT_PROTOTYPES = YES;
				CLANG_WARN_SUSPICIOUS_MOVE = YES;
				CLANG_WARN_UNGUARDED_AVAILABILITY = YES_AGGRESSIVE;
				CLANG_WARN_UNREACHABLE_CODE = YES;
				CLANG_WARN__DUPLICATE_METHOD_MATCH = YES;
				COPY_PHASE_STRIP = NO;
				DEBUG_INFORMATION_FORMAT = dwarf;
				ENABLE_STRICT_OBJC_MSGSEND = YES;
				ENABLE_TESTABILITY = YES;
				GCC_C_LANGUAGE_STANDARD = gnu11;
				GCC_DYNAMIC_NO_PIC = NO;
				GCC_NO_COMMON_BLOCKS = YES;
				GCC_OPTIMIZATION_LEVEL = 0;
				GCC_PREPROCESSOR_DEFINITIONS = (
					"DEBUG=1",
					"$(inherited)",
				);
				GCC_WARN_64_TO_32_BIT_CONVERSION = YES;
				GCC_WARN_ABOUT_RETURN_TYPE = YES_ERROR;
				GCC_WARN_UNDECLARED_SELECTOR = YES;
				GCC_WARN_UNINITIALIZED_AUTOS = YES_AGGRESSIVE;
				GCC_WARN_UNUSED_FUNCTION = YES;
				GCC_WARN_UNUSED_VARIABLE = YES;
				IPHONEOS_DEPLOYMENT_TARGET = 13.0;
				MTL_ENABLE_DEBUG_INFO = INCLUDE_SOURCE;
				MTL_FAST_MATH = YES;
				ONLY_ACTIVE_ARCH = YES;
				SDKROOT = iphoneos;
				SWIFT_ACTIVE_COMPILATION_CONDITIONS = DEBUG;
				SWIFT_OPTIMIZATION_LEVEL = "-Onone";
			};
			name = Debug;
		};
		6B46446D22C63127007A46DE /* Release */ = {
			isa = XCBuildConfiguration;
			buildSettings = {
				ALWAYS_SEARCH_USER_PATHS = NO;
				CLANG_ANALYZER_NONNULL = YES;
				CLANG_ANALYZER_NUMBER_OBJECT_CONVERSION = YES_AGGRESSIVE;
				CLANG_CXX_LANGUAGE_STANDARD = "gnu++14";
				CLANG_CXX_LIBRARY = "libc++";
				CLANG_ENABLE_MODULES = YES;
				CLANG_ENABLE_OBJC_ARC = YES;
				CLANG_ENABLE_OBJC_WEAK = YES;
				CLANG_WARN_BLOCK_CAPTURE_AUTORELEASING = YES;
				CLANG_WARN_BOOL_CONVERSION = YES;
				CLANG_WARN_COMMA = YES;
				CLANG_WARN_CONSTANT_CONVERSION = YES;
				CLANG_WARN_DEPRECATED_OBJC_IMPLEMENTATIONS = YES;
				CLANG_WARN_DIRECT_OBJC_ISA_USAGE = YES_ERROR;
				CLANG_WARN_DOCUMENTATION_COMMENTS = YES;
				CLANG_WARN_EMPTY_BODY = YES;
				CLANG_WARN_ENUM_CONVERSION = YES;
				CLANG_WARN_INFINITE_RECURSION = YES;
				CLANG_WARN_INT_CONVERSION = YES;
				CLANG_WARN_NON_LITERAL_NULL_CONVERSION = YES;
				CLANG_WARN_OBJC_IMPLICIT_RETAIN_SELF = YES;
				CLANG_WARN_OBJC_LITERAL_CONVERSION = YES;
				CLANG_WARN_OBJC_ROOT_CLASS = YES_ERROR;
				CLANG_WARN_RANGE_LOOP_ANALYSIS = YES;
				CLANG_WARN_STRICT_PROTOTYPES = YES;
				CLANG_WARN_SUSPICIOUS_MOVE = YES;
				CLANG_WARN_UNGUARDED_AVAILABILITY = YES_AGGRESSIVE;
				CLANG_WARN_UNREACHABLE_CODE = YES;
				CLANG_WARN__DUPLICATE_METHOD_MATCH = YES;
				COPY_PHASE_STRIP = NO;
				DEBUG_INFORMATION_FORMAT = "dwarf-with-dsym";
				ENABLE_NS_ASSERTIONS = NO;
				ENABLE_STRICT_OBJC_MSGSEND = YES;
				GCC_C_LANGUAGE_STANDARD = gnu11;
				GCC_NO_COMMON_BLOCKS = YES;
				GCC_WARN_64_TO_32_BIT_CONVERSION = YES;
				GCC_WARN_ABOUT_RETURN_TYPE = YES_ERROR;
				GCC_WARN_UNDECLARED_SELECTOR = YES;
				GCC_WARN_UNINITIALIZED_AUTOS = YES_AGGRESSIVE;
				GCC_WARN_UNUSED_FUNCTION = YES;
				GCC_WARN_UNUSED_VARIABLE = YES;
				IPHONEOS_DEPLOYMENT_TARGET = 13.0;
				MTL_ENABLE_DEBUG_INFO = NO;
				MTL_FAST_MATH = YES;
				SDKROOT = iphoneos;
				SWIFT_COMPILATION_MODE = wholemodule;
				SWIFT_OPTIMIZATION_LEVEL = "-O";
				VALIDATE_PRODUCT = YES;
			};
			name = Release;
		};
		6B46446F22C63127007A46DE /* Debug */ = {
			isa = XCBuildConfiguration;
			baseConfigurationReference = 7D939CCC0A9B1B06A0AFA0D2 /* Pods-EndZone.debug.xcconfig */;
			buildSettings = {
				ASSETCATALOG_COMPILER_APPICON_NAME = AppIcon;
				CODE_SIGN_STYLE = Automatic;
				DEVELOPMENT_ASSET_PATHS = "EndZone/Preview\\ Content";
				DEVELOPMENT_TEAM = BD48FG9BMV;
				ENABLE_PREVIEWS = YES;
				INFOPLIST_FILE = EndZone/Info.plist;
				LD_RUNPATH_SEARCH_PATHS = (
					"$(inherited)",
					"@executable_path/Frameworks",
				);
				PRODUCT_BUNDLE_IDENTIFIER = com.karumi.EndZone;
				PRODUCT_NAME = "$(TARGET_NAME)";
				SWIFT_VERSION = 5.0;
				TARGETED_DEVICE_FAMILY = "1,2";
			};
			name = Debug;
		};
		6B46447022C63127007A46DE /* Release */ = {
			isa = XCBuildConfiguration;
			baseConfigurationReference = 23B4B9FFC4456E559327D6E5 /* Pods-EndZone.release.xcconfig */;
			buildSettings = {
				ASSETCATALOG_COMPILER_APPICON_NAME = AppIcon;
				CODE_SIGN_STYLE = Automatic;
				DEVELOPMENT_ASSET_PATHS = "EndZone/Preview\\ Content";
				DEVELOPMENT_TEAM = BD48FG9BMV;
				ENABLE_PREVIEWS = YES;
				INFOPLIST_FILE = EndZone/Info.plist;
				LD_RUNPATH_SEARCH_PATHS = (
					"$(inherited)",
					"@executable_path/Frameworks",
				);
				PRODUCT_BUNDLE_IDENTIFIER = com.karumi.EndZone;
				PRODUCT_NAME = "$(TARGET_NAME)";
				SWIFT_VERSION = 5.0;
				TARGETED_DEVICE_FAMILY = "1,2";
			};
			name = Release;
		};
		6B46447222C63127007A46DE /* Debug */ = {
			isa = XCBuildConfiguration;
			baseConfigurationReference = FECF1F41DCE56A085910ADA9 /* Pods-EndZoneTests.debug.xcconfig */;
			buildSettings = {
				ALWAYS_EMBED_SWIFT_STANDARD_LIBRARIES = YES;
				BUNDLE_LOADER = "$(TEST_HOST)";
				CODE_SIGN_STYLE = Automatic;
				DEVELOPMENT_TEAM = BD48FG9BMV;
				INFOPLIST_FILE = EndZoneTests/Info.plist;
				LD_RUNPATH_SEARCH_PATHS = (
					"$(inherited)",
					"@executable_path/Frameworks",
					"@loader_path/Frameworks",
				);
				PRODUCT_BUNDLE_IDENTIFIER = com.karumi.EndZoneTests;
				PRODUCT_NAME = "$(TARGET_NAME)";
				SWIFT_VERSION = 5.0;
				TARGETED_DEVICE_FAMILY = "1,2";
				TEST_HOST = "$(BUILT_PRODUCTS_DIR)/EndZone.app/EndZone";
			};
			name = Debug;
		};
		6B46447322C63127007A46DE /* Release */ = {
			isa = XCBuildConfiguration;
			baseConfigurationReference = 2E3B3297241FB4B09317FE81 /* Pods-EndZoneTests.release.xcconfig */;
			buildSettings = {
				ALWAYS_EMBED_SWIFT_STANDARD_LIBRARIES = YES;
				BUNDLE_LOADER = "$(TEST_HOST)";
				CODE_SIGN_STYLE = Automatic;
				DEVELOPMENT_TEAM = BD48FG9BMV;
				INFOPLIST_FILE = EndZoneTests/Info.plist;
				LD_RUNPATH_SEARCH_PATHS = (
					"$(inherited)",
					"@executable_path/Frameworks",
					"@loader_path/Frameworks",
				);
				PRODUCT_BUNDLE_IDENTIFIER = com.karumi.EndZoneTests;
				PRODUCT_NAME = "$(TARGET_NAME)";
				SWIFT_VERSION = 5.0;
				TARGETED_DEVICE_FAMILY = "1,2";
				TEST_HOST = "$(BUILT_PRODUCTS_DIR)/EndZone.app/EndZone";
			};
			name = Release;
		};
/* End XCBuildConfiguration section */

/* Begin XCConfigurationList section */
		6B46444A22C63125007A46DE /* Build configuration list for PBXProject "EndZone" */ = {
			isa = XCConfigurationList;
			buildConfigurations = (
				6B46446C22C63127007A46DE /* Debug */,
				6B46446D22C63127007A46DE /* Release */,
			);
			defaultConfigurationIsVisible = 0;
			defaultConfigurationName = Release;
		};
		6B46446E22C63127007A46DE /* Build configuration list for PBXNativeTarget "EndZone" */ = {
			isa = XCConfigurationList;
			buildConfigurations = (
				6B46446F22C63127007A46DE /* Debug */,
				6B46447022C63127007A46DE /* Release */,
			);
			defaultConfigurationIsVisible = 0;
			defaultConfigurationName = Release;
		};
		6B46447122C63127007A46DE /* Build configuration list for PBXNativeTarget "EndZoneTests" */ = {
			isa = XCConfigurationList;
			buildConfigurations = (
				6B46447222C63127007A46DE /* Debug */,
				6B46447322C63127007A46DE /* Release */,
			);
			defaultConfigurationIsVisible = 0;
			defaultConfigurationName = Release;
		};
/* End XCConfigurationList section */
	};
	rootObject = 6B46444722C63125007A46DE /* Project object */;
}
